
Microsoft Visual Studio Solution File, Format Version 12.00
# Visual Studio Version 17
VisualStudioVersion = 17.7.34024.191
MinimumVisualStudioVersion = 10.0.40219.1
Project("{FAE04EC0-301F-11D3-BF4B-00C04F79EFBC}") = "BlazorPuzzle4", "BlazorPuzzle4\BlazorPuzzle4.csproj", "{CBA88C7A-FE96-418C-B3D8-4CF9AD86D008}"
EndProject
Project("{9A19103F-16F7-4668-BE54-9A1E7A4F7556}") = "BigAssembly", "BigAssembly\BigAssembly.csproj", "{0D77AD94-FA09-4C35-90A2-BD17A25ED636}"
EndProject
Global
	GlobalSection(SolutionConfigurationPlatforms) = preSolution
		Debug|Any CPU = Debug|Any CPU
		Release|Any CPU = Release|Any CPU
	EndGlobalSection
	GlobalSection(ProjectConfigurationPlatforms) = postSolution
		{CBA88C7A-FE96-418C-B3D8-4CF9AD86D008}.Debug|Any CPU.ActiveCfg = Debug|Any CPU
		{CBA88C7A-FE96-418C-B3D8-4CF9AD86D008}.Debug|Any CPU.Build.0 = Debug|Any CPU
		{CBA88C7A-FE96-418C-B3D8-4CF9AD86D008}.Release|Any CPU.ActiveCfg = Release|Any CPU
		{CBA88C7A-FE96-418C-B3D8-4CF9AD86D008}.Release|Any CPU.Build.0 = Release|Any CPU
		{0D77AD94-FA09-4C35-90A2-BD17A25ED636}.Debug|Any CPU.ActiveCfg = Debug|Any CPU
		{0D77AD94-FA09-4C35-90A2-BD17A25ED636}.Debug|Any CPU.Build.0 = Debug|Any CPU
		{0D77AD94-FA09-4C35-90A2-BD17A25ED636}.Release|Any CPU.ActiveCfg = Release|Any CPU
		{0D77AD94-FA09-4C35-90A2-BD17A25ED636}.Release|Any CPU.Build.0 = Release|Any CPU
	EndGlobalSection
	GlobalSection(SolutionProperties) = preSolution
		HideSolutionNode = FALSE
	EndGlobalSection
	GlobalSection(ExtensibilityGlobals) = postSolution
		SolutionGuid = {5C94104A-7B70-4499-8226-0F1F65A16905}
	EndGlobalSection
EndGlobal
